// !$*UTF8*$!
{
	archiveVersion = 1;
	classes = {
	};
	objectVersion = 77;
	objects = {

/* Begin PBXBuildFile section */
		30CEE4612DA578C700B561D6 /* App.swift in Sources */ = {isa = PBXBuildFile; fileRef = 30CEE4602DA578C700B561D6 /* App.swift */; };
		30CEE4652DA578C900B561D6 /* Assets.xcassets in Resources */ = {isa = PBXBuildFile; fileRef = 30CEE4642DA578C900B561D6 /* Assets.xcassets */; };
		30CEE46F2DA579DD00B561D6 /* Month.swift in Sources */ = {isa = PBXBuildFile; fileRef = 30CEE46E2DA579DD00B561D6 /* Month.swift */; };
		30CEE4732DA57AE000B561D6 /* YearAndMonthList.swift in Sources */ = {isa = PBXBuildFile; fileRef = 30CEE4722DA57AE000B561D6 /* YearAndMonthList.swift */; };
		30CEE4752DA58F2F00B561D6 /* Year.swift in Sources */ = {isa = PBXBuildFile; fileRef = 30CEE4742DA58F2F00B561D6 /* Year.swift */; };
		30CEE47B2DA5988A00B561D6 /* RecurringExpense.swift in Sources */ = {isa = PBXBuildFile; fileRef = 30CEE47A2DA5988A00B561D6 /* RecurringExpense.swift */; };
		30CEE47D2DA59B4700B561D6 /* Expense.swift in Sources */ = {isa = PBXBuildFile; fileRef = 30CEE47C2DA59B4700B561D6 /* Expense.swift */; };
		30CEE4802DA5A09000B561D6 /* RecurringExpenseList.swift in Sources */ = {isa = PBXBuildFile; fileRef = 30CEE47F2DA5A09000B561D6 /* RecurringExpenseList.swift */; };
		30CEE4842DA5A1AD00B561D6 /* EditRecurringExpense.swift in Sources */ = {isa = PBXBuildFile; fileRef = 30CEE4832DA5A1AD00B561D6 /* EditRecurringExpense.swift */; };
/* End PBXBuildFile section */

/* Begin PBXFileReference section */
		30CEE45D2DA578C700B561D6 /* FinanceTracker.app */ = {isa = PBXFileReference; explicitFileType = wrapper.application; includeInIndex = 0; path = FinanceTracker.app; sourceTree = BUILT_PRODUCTS_DIR; };
		30CEE4602DA578C700B561D6 /* App.swift */ = {isa = PBXFileReference; lastKnownFileType = sourcecode.swift; path = App.swift; sourceTree = "<group>"; };
		30CEE4642DA578C900B561D6 /* Assets.xcassets */ = {isa = PBXFileReference; lastKnownFileType = folder.assetcatalog; path = Assets.xcassets; sourceTree = "<group>"; };
		30CEE46E2DA579DD00B561D6 /* Month.swift */ = {isa = PBXFileReference; lastKnownFileType = sourcecode.swift; path = Month.swift; sourceTree = "<group>"; };
		30CEE4722DA57AE000B561D6 /* YearAndMonthList.swift */ = {isa = PBXFileReference; lastKnownFileType = sourcecode.swift; path = YearAndMonthList.swift; sourceTree = "<group>"; };
		30CEE4742DA58F2F00B561D6 /* Year.swift */ = {isa = PBXFileReference; lastKnownFileType = sourcecode.swift; path = Year.swift; sourceTree = "<group>"; };
		30CEE47A2DA5988A00B561D6 /* RecurringExpense.swift */ = {isa = PBXFileReference; lastKnownFileType = sourcecode.swift; path = RecurringExpense.swift; sourceTree = "<group>"; };
		30CEE47C2DA59B4700B561D6 /* Expense.swift */ = {isa = PBXFileReference; lastKnownFileType = sourcecode.swift; path = Expense.swift; sourceTree = "<group>"; };
		30CEE47F2DA5A09000B561D6 /* RecurringExpenseList.swift */ = {isa = PBXFileReference; lastKnownFileType = sourcecode.swift; path = RecurringExpenseList.swift; sourceTree = "<group>"; };
		30CEE4832DA5A1AD00B561D6 /* EditRecurringExpense.swift */ = {isa = PBXFileReference; lastKnownFileType = sourcecode.swift; path = EditRecurringExpense.swift; sourceTree = "<group>"; };
/* End PBXFileReference section */

/* Begin PBXFileSystemSynchronizedRootGroup section */
		30CEE4782DA596D500B561D6 /* Preview Content */ = {
			isa = PBXFileSystemSynchronizedRootGroup;
			path = "Preview Content";
			sourceTree = "<group>";
		};
/* End PBXFileSystemSynchronizedRootGroup section */

/* Begin PBXFrameworksBuildPhase section */
		30CEE45A2DA578C700B561D6 /* Frameworks */ = {
			isa = PBXFrameworksBuildPhase;
			buildActionMask = 2147483647;
			files = (
			);
			runOnlyForDeploymentPostprocessing = 0;
		};
/* End PBXFrameworksBuildPhase section */

/* Begin PBXGroup section */
		30CEE4542DA578C700B561D6 = {
			isa = PBXGroup;
			children = (
				30CEE4762DA596CC00B561D6 /* FinanceTracker */,
				30CEE45E2DA578C700B561D6 /* Products */,
			);
			sourceTree = "<group>";
		};
		30CEE45E2DA578C700B561D6 /* Products */ = {
			isa = PBXGroup;
			children = (
				30CEE45D2DA578C700B561D6 /* FinanceTracker.app */,
			);
			name = Products;
			sourceTree = "<group>";
		};
		30CEE4762DA596CC00B561D6 /* FinanceTracker */ = {
			isa = PBXGroup;
			children = (
				30CEE4602DA578C700B561D6 /* App.swift */,
				30CEE4812DA5A15600B561D6 /* Pages */,
				30CEE4822DA5A1A500B561D6 /* Views */,
				30CEE47E2DA59B8000B561D6 /* Models */,
				30CEE4642DA578C900B561D6 /* Assets.xcassets */,
				30CEE4782DA596D500B561D6 /* Preview Content */,
			);
			path = FinanceTracker;
			sourceTree = "<group>";
		};
		30CEE47E2DA59B8000B561D6 /* Models */ = {
			isa = PBXGroup;
			children = (
				30CEE46E2DA579DD00B561D6 /* Month.swift */,
				30CEE4742DA58F2F00B561D6 /* Year.swift */,
				30CEE47A2DA5988A00B561D6 /* RecurringExpense.swift */,
				30CEE47C2DA59B4700B561D6 /* Expense.swift */,
			);
			path = Models;
			sourceTree = "<group>";
		};
		30CEE4812DA5A15600B561D6 /* Pages */ = {
			isa = PBXGroup;
			children = (
				30CEE4722DA57AE000B561D6 /* YearAndMonthList.swift */,
				30CEE47F2DA5A09000B561D6 /* RecurringExpenseList.swift */,
			);
			path = Pages;
			sourceTree = "<group>";
		};
		30CEE4822DA5A1A500B561D6 /* Views */ = {
			isa = PBXGroup;
			children = (
				30CEE4832DA5A1AD00B561D6 /* EditRecurringExpense.swift */,
			);
			path = Views;
			sourceTree = "<group>";
		};
/* End PBXGroup section */

/* Begin PBXNativeTarget section */
		30CEE45C2DA578C700B561D6 /* FinanceTracker */ = {
			isa = PBXNativeTarget;
			buildConfigurationList = 30CEE46B2DA578C900B561D6 /* Build configuration list for PBXNativeTarget "FinanceTracker" */;
			buildPhases = (
				30CEE4592DA578C700B561D6 /* Sources */,
				30CEE45A2DA578C700B561D6 /* Frameworks */,
				30CEE45B2DA578C700B561D6 /* Resources */,
			);
			buildRules = (
			);
			dependencies = (
			);
			fileSystemSynchronizedGroups = (
				30CEE4782DA596D500B561D6 /* Preview Content */,
			);
			name = FinanceTracker;
			packageProductDependencies = (
			);
			productName = FinanceTracker;
			productReference = 30CEE45D2DA578C700B561D6 /* FinanceTracker.app */;
			productType = "com.apple.product-type.application";
		};
/* End PBXNativeTarget section */

/* Begin PBXProject section */
		30CEE4552DA578C700B561D6 /* Project object */ = {
			isa = PBXProject;
			attributes = {
				BuildIndependentTargetsInParallel = 1;
				LastSwiftUpdateCheck = 1620;
				LastUpgradeCheck = 1620;
				TargetAttributes = {
					30CEE45C2DA578C700B561D6 = {
						CreatedOnToolsVersion = 16.2;
					};
				};
			};
			buildConfigurationList = 30CEE4582DA578C700B561D6 /* Build configuration list for PBXProject "FinanceTracker" */;
			developmentRegion = en;
			hasScannedForEncodings = 0;
			knownRegions = (
				en,
				Base,
			);
			mainGroup = 30CEE4542DA578C700B561D6;
			minimizedProjectReferenceProxies = 1;
			preferredProjectObjectVersion = 77;
			productRefGroup = 30CEE45E2DA578C700B561D6 /* Products */;
			projectDirPath = "";
			projectRoot = "";
			targets = (
				30CEE45C2DA578C700B561D6 /* FinanceTracker */,
			);
		};
/* End PBXProject section */

/* Begin PBXResourcesBuildPhase section */
		30CEE45B2DA578C700B561D6 /* Resources */ = {
			isa = PBXResourcesBuildPhase;
			buildActionMask = 2147483647;
			files = (
				30CEE4652DA578C900B561D6 /* Assets.xcassets in Resources */,
			);
			runOnlyForDeploymentPostprocessing = 0;
		};
/* End PBXResourcesBuildPhase section */

/* Begin PBXSourcesBuildPhase section */
		30CEE4592DA578C700B561D6 /* Sources */ = {
			isa = PBXSourcesBuildPhase;
			buildActionMask = 2147483647;
			files = (
				30CEE47D2DA59B4700B561D6 /* Expense.swift in Sources */,
				30CEE47B2DA5988A00B561D6 /* RecurringExpense.swift in Sources */,
				30CEE4842DA5A1AD00B561D6 /* EditRecurringExpense.swift in Sources */,
				30CEE4802DA5A09000B561D6 /* RecurringExpenseList.swift in Sources */,
				30CEE4752DA58F2F00B561D6 /* Year.swift in Sources */,
				30CEE46F2DA579DD00B561D6 /* Month.swift in Sources */,
				30CEE4732DA57AE000B561D6 /* YearAndMonthList.swift in Sources */,
				30CEE4612DA578C700B561D6 /* App.swift in Sources */,
			);
			runOnlyForDeploymentPostprocessing = 0;
		};
/* End PBXSourcesBuildPhase section */

/* Begin XCBuildConfiguration section */
		30CEE4692DA578C900B561D6 /* Debug */ = {
			isa = XCBuildConfiguration;
			buildSettings = {
				ALWAYS_SEARCH_USER_PATHS = NO;
				ASSETCATALOG_COMPILER_GENERATE_SWIFT_ASSET_SYMBOL_EXTENSIONS = YES;
				CLANG_ANALYZER_NONNULL = YES;
				CLANG_ANALYZER_NUMBER_OBJECT_CONVERSION = YES_AGGRESSIVE;
				CLANG_CXX_LANGUAGE_STANDARD = "gnu++20";
				CLANG_ENABLE_MODULES = YES;
				CLANG_ENABLE_OBJC_ARC = YES;
				CLANG_ENABLE_OBJC_WEAK = YES;
				CLANG_WARN_BLOCK_CAPTURE_AUTORELEASING = YES;
				CLANG_WARN_BOOL_CONVERSION = YES;
				CLANG_WARN_COMMA = YES;
				CLANG_WARN_CONSTANT_CONVERSION = YES;
				CLANG_WARN_DEPRECATED_OBJC_IMPLEMENTATIONS = YES;
				CLANG_WARN_DIRECT_OBJC_ISA_USAGE = YES_ERROR;
				CLANG_WARN_DOCUMENTATION_COMMENTS = YES;
				CLANG_WARN_EMPTY_BODY = YES;
				CLANG_WARN_ENUM_CONVERSION = YES;
				CLANG_WARN_INFINITE_RECURSION = YES;
				CLANG_WARN_INT_CONVERSION = YES;
				CLANG_WARN_NON_LITERAL_NULL_CONVERSION = YES;
				CLANG_WARN_OBJC_IMPLICIT_RETAIN_SELF = YES;
				CLANG_WARN_OBJC_LITERAL_CONVERSION = YES;
				CLANG_WARN_OBJC_ROOT_CLASS = YES_ERROR;
				CLANG_WARN_QUOTED_INCLUDE_IN_FRAMEWORK_HEADER = YES;
				CLANG_WARN_RANGE_LOOP_ANALYSIS = YES;
				CLANG_WARN_STRICT_PROTOTYPES = YES;
				CLANG_WARN_SUSPICIOUS_MOVE = YES;
				CLANG_WARN_UNGUARDED_AVAILABILITY = YES_AGGRESSIVE;
				CLANG_WARN_UNREACHABLE_CODE = YES;
				CLANG_WARN__DUPLICATE_METHOD_MATCH = YES;
				COPY_PHASE_STRIP = NO;
				DEBUG_INFORMATION_FORMAT = dwarf;
				ENABLE_STRICT_OBJC_MSGSEND = YES;
				ENABLE_TESTABILITY = YES;
				ENABLE_USER_SCRIPT_SANDBOXING = YES;
				GCC_C_LANGUAGE_STANDARD = gnu17;
				GCC_DYNAMIC_NO_PIC = NO;
				GCC_NO_COMMON_BLOCKS = YES;
				GCC_OPTIMIZATION_LEVEL = 0;
				GCC_PREPROCESSOR_DEFINITIONS = (
					"DEBUG=1",
					"$(inherited)",
				);
				GCC_WARN_64_TO_32_BIT_CONVERSION = YES;
				GCC_WARN_ABOUT_RETURN_TYPE = YES_ERROR;
				GCC_WARN_UNDECLARED_SELECTOR = YES;
				GCC_WARN_UNINITIALIZED_AUTOS = YES_AGGRESSIVE;
				GCC_WARN_UNUSED_FUNCTION = YES;
				GCC_WARN_UNUSED_VARIABLE = YES;
				IPHONEOS_DEPLOYMENT_TARGET = 18.2;
				LOCALIZATION_PREFERS_STRING_CATALOGS = YES;
				MTL_ENABLE_DEBUG_INFO = INCLUDE_SOURCE;
				MTL_FAST_MATH = YES;
				ONLY_ACTIVE_ARCH = YES;
				SDKROOT = iphoneos;
				SWIFT_ACTIVE_COMPILATION_CONDITIONS = "DEBUG $(inherited)";
				SWIFT_OPTIMIZATION_LEVEL = "-Onone";
			};
			name = Debug;
		};
		30CEE46A2DA578C900B561D6 /* Release */ = {
			isa = XCBuildConfiguration;
			buildSettings = {
				ALWAYS_SEARCH_USER_PATHS = NO;
				ASSETCATALOG_COMPILER_GENERATE_SWIFT_ASSET_SYMBOL_EXTENSIONS = YES;
				CLANG_ANALYZER_NONNULL = YES;
				CLANG_ANALYZER_NUMBER_OBJECT_CONVERSION = YES_AGGRESSIVE;
				CLANG_CXX_LANGUAGE_STANDARD = "gnu++20";
				CLANG_ENABLE_MODULES = YES;
				CLANG_ENABLE_OBJC_ARC = YES;
				CLANG_ENABLE_OBJC_WEAK = YES;
				CLANG_WARN_BLOCK_CAPTURE_AUTORELEASING = YES;
				CLANG_WARN_BOOL_CONVERSION = YES;
				CLANG_WARN_COMMA = YES;
				CLANG_WARN_CONSTANT_CONVERSION = YES;
				CLANG_WARN_DEPRECATED_OBJC_IMPLEMENTATIONS = YES;
				CLANG_WARN_DIRECT_OBJC_ISA_USAGE = YES_ERROR;
				CLANG_WARN_DOCUMENTATION_COMMENTS = YES;
				CLANG_WARN_EMPTY_BODY = YES;
				CLANG_WARN_ENUM_CONVERSION = YES;
				CLANG_WARN_INFINITE_RECURSION = YES;
				CLANG_WARN_INT_CONVERSION = YES;
				CLANG_WARN_NON_LITERAL_NULL_CONVERSION = YES;
				CLANG_WARN_OBJC_IMPLICIT_RETAIN_SELF = YES;
				CLANG_WARN_OBJC_LITERAL_CONVERSION = YES;
				CLANG_WARN_OBJC_ROOT_CLASS = YES_ERROR;
				CLANG_WARN_QUOTED_INCLUDE_IN_FRAMEWORK_HEADER = YES;
				CLANG_WARN_RANGE_LOOP_ANALYSIS = YES;
				CLANG_WARN_STRICT_PROTOTYPES = YES;
				CLANG_WARN_SUSPICIOUS_MOVE = YES;
				CLANG_WARN_UNGUARDED_AVAILABILITY = YES_AGGRESSIVE;
				CLANG_WARN_UNREACHABLE_CODE = YES;
				CLANG_WARN__DUPLICATE_METHOD_MATCH = YES;
				COPY_PHASE_STRIP = NO;
				DEBUG_INFORMATION_FORMAT = "dwarf-with-dsym";
				ENABLE_NS_ASSERTIONS = NO;
				ENABLE_STRICT_OBJC_MSGSEND = YES;
				ENABLE_USER_SCRIPT_SANDBOXING = YES;
				GCC_C_LANGUAGE_STANDARD = gnu17;
				GCC_NO_COMMON_BLOCKS = YES;
				GCC_WARN_64_TO_32_BIT_CONVERSION = YES;
				GCC_WARN_ABOUT_RETURN_TYPE = YES_ERROR;
				GCC_WARN_UNDECLARED_SELECTOR = YES;
				GCC_WARN_UNINITIALIZED_AUTOS = YES_AGGRESSIVE;
				GCC_WARN_UNUSED_FUNCTION = YES;
				GCC_WARN_UNUSED_VARIABLE = YES;
				IPHONEOS_DEPLOYMENT_TARGET = 18.2;
				LOCALIZATION_PREFERS_STRING_CATALOGS = YES;
				MTL_ENABLE_DEBUG_INFO = NO;
				MTL_FAST_MATH = YES;
				SDKROOT = iphoneos;
				SWIFT_COMPILATION_MODE = wholemodule;
				VALIDATE_PRODUCT = YES;
			};
			name = Release;
		};
		30CEE46C2DA578C900B561D6 /* Debug */ = {
			isa = XCBuildConfiguration;
			buildSettings = {
				ASSETCATALOG_COMPILER_APPICON_NAME = AppIcon;
				ASSETCATALOG_COMPILER_GLOBAL_ACCENT_COLOR_NAME = AccentColor;
				CODE_SIGN_STYLE = Automatic;
				CURRENT_PROJECT_VERSION = 1;
				DEVELOPMENT_ASSET_PATHS = "\"FinanceTracker/Preview Content\"";
				DEVELOPMENT_TEAM = JY83NY58JG;
				ENABLE_PREVIEWS = YES;
				GENERATE_INFOPLIST_FILE = YES;
				INFOPLIST_KEY_UIApplicationSceneManifest_Generation = YES;
				INFOPLIST_KEY_UIApplicationSupportsIndirectInputEvents = YES;
				INFOPLIST_KEY_UILaunchScreen_Generation = YES;
				INFOPLIST_KEY_UISupportedInterfaceOrientations_iPad = "UIInterfaceOrientationPortrait UIInterfaceOrientationPortraitUpsideDown UIInterfaceOrientationLandscapeLeft UIInterfaceOrientationLandscapeRight";
				INFOPLIST_KEY_UISupportedInterfaceOrientations_iPhone = "UIInterfaceOrientationPortrait UIInterfaceOrientationLandscapeLeft UIInterfaceOrientationLandscapeRight";
				LD_RUNPATH_SEARCH_PATHS = (
					"$(inherited)",
					"@executable_path/Frameworks",
				);
				MARKETING_VERSION = 1.0;
				PRODUCT_BUNDLE_IDENTIFIER = com.jacobmccloud.FinanceTracker;
				PRODUCT_NAME = "$(TARGET_NAME)";
				SWIFT_EMIT_LOC_STRINGS = YES;
				SWIFT_VERSION = 5.0;
				TARGETED_DEVICE_FAMILY = "1,2";
			};
			name = Debug;
		};
		30CEE46D2DA578C900B561D6 /* Release */ = {
			isa = XCBuildConfiguration;
			buildSettings = {
				ASSETCATALOG_COMPILER_APPICON_NAME = AppIcon;
				ASSETCATALOG_COMPILER_GLOBAL_ACCENT_COLOR_NAME = AccentColor;
				CODE_SIGN_STYLE = Automatic;
				CURRENT_PROJECT_VERSION = 1;
				DEVELOPMENT_ASSET_PATHS = "\"FinanceTracker/Preview Content\"";
				DEVELOPMENT_TEAM = JY83NY58JG;
				ENABLE_PREVIEWS = YES;
				GENERATE_INFOPLIST_FILE = YES;
				INFOPLIST_KEY_UIApplicationSceneManifest_Generation = YES;
				INFOPLIST_KEY_UIApplicationSupportsIndirectInputEvents = YES;
				INFOPLIST_KEY_UILaunchScreen_Generation = YES;
				INFOPLIST_KEY_UISupportedInterfaceOrientations_iPad = "UIInterfaceOrientationPortrait UIInterfaceOrientationPortraitUpsideDown UIInterfaceOrientationLandscapeLeft UIInterfaceOrientationLandscapeRight";
				INFOPLIST_KEY_UISupportedInterfaceOrientations_iPhone = "UIInterfaceOrientationPortrait UIInterfaceOrientationLandscapeLeft UIInterfaceOrientationLandscapeRight";
				LD_RUNPATH_SEARCH_PATHS = (
					"$(inherited)",
					"@executable_path/Frameworks",
				);
				MARKETING_VERSION = 1.0;
				PRODUCT_BUNDLE_IDENTIFIER = com.jacobmccloud.FinanceTracker;
				PRODUCT_NAME = "$(TARGET_NAME)";
				SWIFT_EMIT_LOC_STRINGS = YES;
				SWIFT_VERSION = 5.0;
				TARGETED_DEVICE_FAMILY = "1,2";
			};
			name = Release;
		};
/* End XCBuildConfiguration section */

/* Begin XCConfigurationList section */
		30CEE4582DA578C700B561D6 /* Build configuration list for PBXProject "FinanceTracker" */ = {
			isa = XCConfigurationList;
			buildConfigurations = (
				30CEE4692DA578C900B561D6 /* Debug */,
				30CEE46A2DA578C900B561D6 /* Release */,
			);
			defaultConfigurationIsVisible = 0;
			defaultConfigurationName = Release;
		};
		30CEE46B2DA578C900B561D6 /* Build configuration list for PBXNativeTarget "FinanceTracker" */ = {
			isa = XCConfigurationList;
			buildConfigurations = (
				30CEE46C2DA578C900B561D6 /* Debug */,
				30CEE46D2DA578C900B561D6 /* Release */,
			);
			defaultConfigurationIsVisible = 0;
			defaultConfigurationName = Release;
		};
/* End XCConfigurationList section */
	};
	rootObject = 30CEE4552DA578C700B561D6 /* Project object */;
}
